
Microsoft Visual Studio Solution File, Format Version 12.00
# Visual Studio Version 16
VisualStudioVersion = 16.0.29911.84
MinimumVisualStudioVersion = 10.0.40219.1
Project("{FAE04EC0-301F-11D3-BF4B-00C04F79EFBC}") = "ADOSample", "ADOSample\ADOSample.csproj", "{D0ADF197-62F3-4370-A30F-31735271D371}"
EndProject
Global
	GlobalSection(SolutionConfigurationPlatforms) = preSolution
		Debug|Any CPU = Debug|Any CPU
		Release|Any CPU = Release|Any CPU
	EndGlobalSection
	GlobalSection(ProjectConfigurationPlatforms) = postSolution
		{D0ADF197-62F3-4370-A30F-31735271D371}.Debug|Any CPU.ActiveCfg = Debug|Any CPU
		{D0ADF197-62F3-4370-A30F-31735271D371}.Debug|Any CPU.Build.0 = Debug|Any CPU
		{D0ADF197-62F3-4370-A30F-31735271D371}.Release|Any CPU.ActiveCfg = Release|Any CPU
		{D0ADF197-62F3-4370-A30F-31735271D371}.Release|Any CPU.Build.0 = Release|Any CPU
	EndGlobalSection
	GlobalSection(SolutionProperties) = preSolution
		HideSolutionNode = FALSE
	EndGlobalSection
	GlobalSection(ExtensibilityGlobals) = postSolution
		SolutionGuid = {6BA96895-C078-4586-BC51-02BEF8917815}
	EndGlobalSection
EndGlobal
